<Solution>
  <Configurations>
    <Platform Name="Any CPU" />
    <Platform Name="x64" />
  </Configurations>
  <Folder Name="/src/">
    <Project Path="PokerTrainer.Desktop/PokerTrainer.Desktop.csproj" Id="e7db6946-de82-4001-93b4-90e6d658b6f9">
      <Platform Project="x64" />
      <Deploy />
    </Project>
    <Project Path="src/PokerTrainer.Api/PokerTrainer.Api.csproj">
      <Platform Solution="*|x64" Project="x64" />
    </Project>
    <Project Path="src/PokerTrainer.Application/PokerTrainer.Application.csproj">
      <Platform Solution="*|x64" Project="x64" />
    </Project>
    <Project Path="src/PokerTrainer.Domain/PokerTrainer.Domain.csproj">
      <Platform Solution="*|x64" Project="x64" />
    </Project>
    <Project Path="src/PokerTrainer.Infrastructure/PokerTrainer.Infrastructure.csproj">
      <Platform Solution="*|x64" Project="x64" />
    </Project>
    <Project Path="src/PokerTrainer.RuntimeHost/PokerTrainer.RuntimeHost.csproj">
      <Platform Solution="*|x64" Project="x64" />
    </Project>
  </Folder>
  <Folder Name="/tests/">
    <Project Path="tests/PokerTrainer.IntegrationTests/PokerTrainer.IntegrationTests.csproj">
      <Platform Solution="*|x64" Project="x64" />
    </Project>
    <Project Path="tests/PokerTrainer.UnitTests/PokerTrainer.UnitTests.csproj">
      <Platform Solution="*|x64" Project="x64" />
    </Project>
  </Folder>
</Solution>
